// !$*UTF8*$!
{
	archiveVersion = 1;
	classes = {
	};
	objectVersion = 56;
	objects = {

/* Begin PBXBuildFile section */
		EEC1D53A2BE553EC00A2FE18 /* AppDelegate.swift in Sources */ = {isa = PBXBuildFile; fileRef = EEC1D5392BE553EC00A2FE18 /* AppDelegate.swift */; };
		EEC1D53C2BE553EC00A2FE18 /* SceneDelegate.swift in Sources */ = {isa = PBXBuildFile; fileRef = EEC1D53B2BE553EC00A2FE18 /* SceneDelegate.swift */; };
		EEC1D53E2BE553EC00A2FE18 /* ViewController.swift in Sources */ = {isa = PBXBuildFile; fileRef = EEC1D53D2BE553EC00A2FE18 /* ViewController.swift */; };
		EEC1D5412BE553EC00A2FE18 /* Main.storyboard in Resources */ = {isa = PBXBuildFile; fileRef = EEC1D53F2BE553EC00A2FE18 /* Main.storyboard */; };
		EEC1D5442BE553EC00A2FE18 /* Dice_Game.xcdatamodeld in Sources */ = {isa = PBXBuildFile; fileRef = EEC1D5422BE553EC00A2FE18 /* Dice_Game.xcdatamodeld */; };
		EEC1D5462BE553ED00A2FE18 /* Assets.xcassets in Resources */ = {isa = PBXBuildFile; fileRef = EEC1D5452BE553ED00A2FE18 /* Assets.xcassets */; };
		EEC1D5492BE553ED00A2FE18 /* LaunchScreen.storyboard in Resources */ = {isa = PBXBuildFile; fileRef = EEC1D5472BE553ED00A2FE18 /* LaunchScreen.storyboard */; };
		EEC1D5542BE553ED00A2FE18 /* Dice_GameTests.swift in Sources */ = {isa = PBXBuildFile; fileRef = EEC1D5532BE553ED00A2FE18 /* Dice_GameTests.swift */; };
		EEC1D55E2BE553ED00A2FE18 /* Dice_GameUITests.swift in Sources */ = {isa = PBXBuildFile; fileRef = EEC1D55D2BE553ED00A2FE18 /* Dice_GameUITests.swift */; };
		EEC1D5602BE553ED00A2FE18 /* Dice_GameUITestsLaunchTests.swift in Sources */ = {isa = PBXBuildFile; fileRef = EEC1D55F2BE553ED00A2FE18 /* Dice_GameUITestsLaunchTests.swift */; };
/* End PBXBuildFile section */

/* Begin PBXContainerItemProxy section */
		EEC1D5502BE553ED00A2FE18 /* PBXContainerItemProxy */ = {
			isa = PBXContainerItemProxy;
			containerPortal = EEC1D52E2BE553EC00A2FE18 /* Project object */;
			proxyType = 1;
			remoteGlobalIDString = EEC1D5352BE553EC00A2FE18;
			remoteInfo = "Dice Game";
		};
		EEC1D55A2BE553ED00A2FE18 /* PBXContainerItemProxy */ = {
			isa = PBXContainerItemProxy;
			containerPortal = EEC1D52E2BE553EC00A2FE18 /* Project object */;
			proxyType = 1;
			remoteGlobalIDString = EEC1D5352BE553EC00A2FE18;
			remoteInfo = "Dice Game";
		};
/* End PBXContainerItemProxy section */

/* Begin PBXFileReference section */
		EEC1D5362BE553EC00A2FE18 /* Dice Game.app */ = {isa = PBXFileReference; explicitFileType = wrapper.application; includeInIndex = 0; path = "Dice Game.app"; sourceTree = BUILT_PRODUCTS_DIR; };
		EEC1D5392BE553EC00A2FE18 /* AppDelegate.swift */ = {isa = PBXFileReference; lastKnownFileType = sourcecode.swift; path = AppDelegate.swift; sourceTree = "<group>"; };
		EEC1D53B2BE553EC00A2FE18 /* SceneDelegate.swift */ = {isa = PBXFileReference; lastKnownFileType = sourcecode.swift; path = SceneDelegate.swift; sourceTree = "<group>"; };
		EEC1D53D2BE553EC00A2FE18 /* ViewController.swift */ = {isa = PBXFileReference; lastKnownFileType = sourcecode.swift; path = ViewController.swift; sourceTree = "<group>"; };
		EEC1D5402BE553EC00A2FE18 /* Base */ = {isa = PBXFileReference; lastKnownFileType = file.storyboard; name = Base; path = Base.lproj/Main.storyboard; sourceTree = "<group>"; };
		EEC1D5432BE553EC00A2FE18 /* Dice_Game.xcdatamodel */ = {isa = PBXFileReference; lastKnownFileType = wrapper.xcdatamodel; path = Dice_Game.xcdatamodel; sourceTree = "<group>"; };
		EEC1D5452BE553ED00A2FE18 /* Assets.xcassets */ = {isa = PBXFileReference; lastKnownFileType = folder.assetcatalog; path = Assets.xcassets; sourceTree = "<group>"; };
		EEC1D5482BE553ED00A2FE18 /* Base */ = {isa = PBXFileReference; lastKnownFileType = file.storyboard; name = Base; path = Base.lproj/LaunchScreen.storyboard; sourceTree = "<group>"; };
		EEC1D54A2BE553ED00A2FE18 /* Info.plist */ = {isa = PBXFileReference; lastKnownFileType = text.plist.xml; path = Info.plist; sourceTree = "<group>"; };
		EEC1D54F2BE553ED00A2FE18 /* Dice GameTests.xctest */ = {isa = PBXFileReference; explicitFileType = wrapper.cfbundle; includeInIndex = 0; path = "Dice GameTests.xctest"; sourceTree = BUILT_PRODUCTS_DIR; };
		EEC1D5532BE553ED00A2FE18 /* Dice_GameTests.swift */ = {isa = PBXFileReference; lastKnownFileType = sourcecode.swift; path = Dice_GameTests.swift; sourceTree = "<group>"; };
		EEC1D5592BE553ED00A2FE18 /* Dice GameUITests.xctest */ = {isa = PBXFileReference; explicitFileType = wrapper.cfbundle; includeInIndex = 0; path = "Dice GameUITests.xctest"; sourceTree = BUILT_PRODUCTS_DIR; };
		EEC1D55D2BE553ED00A2FE18 /* Dice_GameUITests.swift */ = {isa = PBXFileReference; lastKnownFileType = sourcecode.swift; path = Dice_GameUITests.swift; sourceTree = "<group>"; };
		EEC1D55F2BE553ED00A2FE18 /* Dice_GameUITestsLaunchTests.swift */ = {isa = PBXFileReference; lastKnownFileType = sourcecode.swift; path = Dice_GameUITestsLaunchTests.swift; sourceTree = "<group>"; };
/* End PBXFileReference section */

/* Begin PBXFrameworksBuildPhase section */
		EEC1D5332BE553EC00A2FE18 /* Frameworks */ = {
			isa = PBXFrameworksBuildPhase;
			buildActionMask = 2147483647;
			files = (
			);
			runOnlyForDeploymentPostprocessing = 0;
		};
		EEC1D54C2BE553ED00A2FE18 /* Frameworks */ = {
			isa = PBXFrameworksBuildPhase;
			buildActionMask = 2147483647;
			files = (
			);
			runOnlyForDeploymentPostprocessing = 0;
		};
		EEC1D5562BE553ED00A2FE18 /* Frameworks */ = {
			isa = PBXFrameworksBuildPhase;
			buildActionMask = 2147483647;
			files = (
			);
			runOnlyForDeploymentPostprocessing = 0;
		};
/* End PBXFrameworksBuildPhase section */

/* Begin PBXGroup section */
		EEC1D52D2BE553EC00A2FE18 = {
			isa = PBXGroup;
			children = (
				EEC1D5382BE553EC00A2FE18 /* Dice Game */,
				EEC1D5522BE553ED00A2FE18 /* Dice GameTests */,
				EEC1D55C2BE553ED00A2FE18 /* Dice GameUITests */,
				EEC1D5372BE553EC00A2FE18 /* Products */,
			);
			sourceTree = "<group>";
		};
		EEC1D5372BE553EC00A2FE18 /* Products */ = {
			isa = PBXGroup;
			children = (
				EEC1D5362BE553EC00A2FE18 /* Dice Game.app */,
				EEC1D54F2BE553ED00A2FE18 /* Dice GameTests.xctest */,
				EEC1D5592BE553ED00A2FE18 /* Dice GameUITests.xctest */,
			);
			name = Products;
			sourceTree = "<group>";
		};
		EEC1D5382BE553EC00A2FE18 /* Dice Game */ = {
			isa = PBXGroup;
			children = (
				EEC1D5392BE553EC00A2FE18 /* AppDelegate.swift */,
				EEC1D53B2BE553EC00A2FE18 /* SceneDelegate.swift */,
				EEC1D53D2BE553EC00A2FE18 /* ViewController.swift */,
				EEC1D53F2BE553EC00A2FE18 /* Main.storyboard */,
				EEC1D5452BE553ED00A2FE18 /* Assets.xcassets */,
				EEC1D5472BE553ED00A2FE18 /* LaunchScreen.storyboard */,
				EEC1D54A2BE553ED00A2FE18 /* Info.plist */,
				EEC1D5422BE553EC00A2FE18 /* Dice_Game.xcdatamodeld */,
			);
			path = "Dice Game";
			sourceTree = "<group>";
		};
		EEC1D5522BE553ED00A2FE18 /* Dice GameTests */ = {
			isa = PBXGroup;
			children = (
				EEC1D5532BE553ED00A2FE18 /* Dice_GameTests.swift */,
			);
			path = "Dice GameTests";
			sourceTree = "<group>";
		};
		EEC1D55C2BE553ED00A2FE18 /* Dice GameUITests */ = {
			isa = PBXGroup;
			children = (
				EEC1D55D2BE553ED00A2FE18 /* Dice_GameUITests.swift */,
				EEC1D55F2BE553ED00A2FE18 /* Dice_GameUITestsLaunchTests.swift */,
			);
			path = "Dice GameUITests";
			sourceTree = "<group>";
		};
/* End PBXGroup section */

/* Begin PBXNativeTarget section */
		EEC1D5352BE553EC00A2FE18 /* Dice Game */ = {
			isa = PBXNativeTarget;
			buildConfigurationList = EEC1D5632BE553ED00A2FE18 /* Build configuration list for PBXNativeTarget "Dice Game" */;
			buildPhases = (
				EEC1D5322BE553EC00A2FE18 /* Sources */,
				EEC1D5332BE553EC00A2FE18 /* Frameworks */,
				EEC1D5342BE553EC00A2FE18 /* Resources */,
			);
			buildRules = (
			);
			dependencies = (
			);
			name = "Dice Game";
			productName = "Dice Game";
			productReference = EEC1D5362BE553EC00A2FE18 /* Dice Game.app */;
			productType = "com.apple.product-type.application";
		};
		EEC1D54E2BE553ED00A2FE18 /* Dice GameTests */ = {
			isa = PBXNativeTarget;
			buildConfigurationList = EEC1D5662BE553ED00A2FE18 /* Build configuration list for PBXNativeTarget "Dice GameTests" */;
			buildPhases = (
				EEC1D54B2BE553ED00A2FE18 /* Sources */,
				EEC1D54C2BE553ED00A2FE18 /* Frameworks */,
				EEC1D54D2BE553ED00A2FE18 /* Resources */,
			);
			buildRules = (
			);
			dependencies = (
				EEC1D5512BE553ED00A2FE18 /* PBXTargetDependency */,
			);
			name = "Dice GameTests";
			productName = "Dice GameTests";
			productReference = EEC1D54F2BE553ED00A2FE18 /* Dice GameTests.xctest */;
			productType = "com.apple.product-type.bundle.unit-test";
		};
		EEC1D5582BE553ED00A2FE18 /* Dice GameUITests */ = {
			isa = PBXNativeTarget;
			buildConfigurationList = EEC1D5692BE553ED00A2FE18 /* Build configuration list for PBXNativeTarget "Dice GameUITests" */;
			buildPhases = (
				EEC1D5552BE553ED00A2FE18 /* Sources */,
				EEC1D5562BE553ED00A2FE18 /* Frameworks */,
				EEC1D5572BE553ED00A2FE18 /* Resources */,
			);
			buildRules = (
			);
			dependencies = (
				EEC1D55B2BE553ED00A2FE18 /* PBXTargetDependency */,
			);
			name = "Dice GameUITests";
			productName = "Dice GameUITests";
			productReference = EEC1D5592BE553ED00A2FE18 /* Dice GameUITests.xctest */;
			productType = "com.apple.product-type.bundle.ui-testing";
		};
/* End PBXNativeTarget section */

/* Begin PBXProject section */
		EEC1D52E2BE553EC00A2FE18 /* Project object */ = {
			isa = PBXProject;
			attributes = {
				BuildIndependentTargetsInParallel = 1;
				LastSwiftUpdateCheck = 1520;
				LastUpgradeCheck = 1520;
				TargetAttributes = {
					EEC1D5352BE553EC00A2FE18 = {
						CreatedOnToolsVersion = 15.2;
					};
					EEC1D54E2BE553ED00A2FE18 = {
						CreatedOnToolsVersion = 15.2;
						TestTargetID = EEC1D5352BE553EC00A2FE18;
					};
					EEC1D5582BE553ED00A2FE18 = {
						CreatedOnToolsVersion = 15.2;
						TestTargetID = EEC1D5352BE553EC00A2FE18;
					};
				};
			};
			buildConfigurationList = EEC1D5312BE553EC00A2FE18 /* Build configuration list for PBXProject "Dice Game" */;
			compatibilityVersion = "Xcode 14.0";
			developmentRegion = en;
			hasScannedForEncodings = 0;
			knownRegions = (
				en,
				Base,
			);
			mainGroup = EEC1D52D2BE553EC00A2FE18;
			productRefGroup = EEC1D5372BE553EC00A2FE18 /* Products */;
			projectDirPath = "";
			projectRoot = "";
			targets = (
				EEC1D5352BE553EC00A2FE18 /* Dice Game */,
				EEC1D54E2BE553ED00A2FE18 /* Dice GameTests */,
				EEC1D5582BE553ED00A2FE18 /* Dice GameUITests */,
			);
		};
/* End PBXProject section */

/* Begin PBXResourcesBuildPhase section */
		EEC1D5342BE553EC00A2FE18 /* Resources */ = {
			isa = PBXResourcesBuildPhase;
			buildActionMask = 2147483647;
			files = (
				EEC1D5492BE553ED00A2FE18 /* LaunchScreen.storyboard in Resources */,
				EEC1D5462BE553ED00A2FE18 /* Assets.xcassets in Resources */,
				EEC1D5412BE553EC00A2FE18 /* Main.storyboard in Resources */,
			);
			runOnlyForDeploymentPostprocessing = 0;
		};
		EEC1D54D2BE553ED00A2FE18 /* Resources */ = {
			isa = PBXResourcesBuildPhase;
			buildActionMask = 2147483647;
			files = (
			);
			runOnlyForDeploymentPostprocessing = 0;
		};
		EEC1D5572BE553ED00A2FE18 /* Resources */ = {
			isa = PBXResourcesBuildPhase;
			buildActionMask = 2147483647;
			files = (
			);
			runOnlyForDeploymentPostprocessing = 0;
		};
/* End PBXResourcesBuildPhase section */

/* Begin PBXSourcesBuildPhase section */
		EEC1D5322BE553EC00A2FE18 /* Sources */ = {
			isa = PBXSourcesBuildPhase;
			buildActionMask = 2147483647;
			files = (
				EEC1D5442BE553EC00A2FE18 /* Dice_Game.xcdatamodeld in Sources */,
				EEC1D53E2BE553EC00A2FE18 /* ViewController.swift in Sources */,
				EEC1D53A2BE553EC00A2FE18 /* AppDelegate.swift in Sources */,
				EEC1D53C2BE553EC00A2FE18 /* SceneDelegate.swift in Sources */,
			);
			runOnlyForDeploymentPostprocessing = 0;
		};
		EEC1D54B2BE553ED00A2FE18 /* Sources */ = {
			isa = PBXSourcesBuildPhase;
			buildActionMask = 2147483647;
			files = (
				EEC1D5542BE553ED00A2FE18 /* Dice_GameTests.swift in Sources */,
			);
			runOnlyForDeploymentPostprocessing = 0;
		};
		EEC1D5552BE553ED00A2FE18 /* Sources */ = {
			isa = PBXSourcesBuildPhase;
			buildActionMask = 2147483647;
			files = (
				EEC1D55E2BE553ED00A2FE18 /* Dice_GameUITests.swift in Sources */,
				EEC1D5602BE553ED00A2FE18 /* Dice_GameUITestsLaunchTests.swift in Sources */,
			);
			runOnlyForDeploymentPostprocessing = 0;
		};
/* End PBXSourcesBuildPhase section */

/* Begin PBXTargetDependency section */
		EEC1D5512BE553ED00A2FE18 /* PBXTargetDependency */ = {
			isa = PBXTargetDependency;
			target = EEC1D5352BE553EC00A2FE18 /* Dice Game */;
			targetProxy = EEC1D5502BE553ED00A2FE18 /* PBXContainerItemProxy */;
		};
		EEC1D55B2BE553ED00A2FE18 /* PBXTargetDependency */ = {
			isa = PBXTargetDependency;
			target = EEC1D5352BE553EC00A2FE18 /* Dice Game */;
			targetProxy = EEC1D55A2BE553ED00A2FE18 /* PBXContainerItemProxy */;
		};
/* End PBXTargetDependency section */

/* Begin PBXVariantGroup section */
		EEC1D53F2BE553EC00A2FE18 /* Main.storyboard */ = {
			isa = PBXVariantGroup;
			children = (
				EEC1D5402BE553EC00A2FE18 /* Base */,
			);
			name = Main.storyboard;
			sourceTree = "<group>";
		};
		EEC1D5472BE553ED00A2FE18 /* LaunchScreen.storyboard */ = {
			isa = PBXVariantGroup;
			children = (
				EEC1D5482BE553ED00A2FE18 /* Base */,
			);
			name = LaunchScreen.storyboard;
			sourceTree = "<group>";
		};
/* End PBXVariantGroup section */

/* Begin XCBuildConfiguration section */
		EEC1D5612BE553ED00A2FE18 /* Debug */ = {
			isa = XCBuildConfiguration;
			buildSettings = {
				ALWAYS_SEARCH_USER_PATHS = NO;
				ASSETCATALOG_COMPILER_GENERATE_SWIFT_ASSET_SYMBOL_EXTENSIONS = YES;
				CLANG_ANALYZER_NONNULL = YES;
				CLANG_ANALYZER_NUMBER_OBJECT_CONVERSION = YES_AGGRESSIVE;
				CLANG_CXX_LANGUAGE_STANDARD = "gnu++20";
				CLANG_ENABLE_MODULES = YES;
				CLANG_ENABLE_OBJC_ARC = YES;
				CLANG_ENABLE_OBJC_WEAK = YES;
				CLANG_WARN_BLOCK_CAPTURE_AUTORELEASING = YES;
				CLANG_WARN_BOOL_CONVERSION = YES;
				CLANG_WARN_COMMA = YES;
				CLANG_WARN_CONSTANT_CONVERSION = YES;
				CLANG_WARN_DEPRECATED_OBJC_IMPLEMENTATIONS = YES;
				CLANG_WARN_DIRECT_OBJC_ISA_USAGE = YES_ERROR;
				CLANG_WARN_DOCUMENTATION_COMMENTS = YES;
				CLANG_WARN_EMPTY_BODY = YES;
				CLANG_WARN_ENUM_CONVERSION = YES;
				CLANG_WARN_INFINITE_RECURSION = YES;
				CLANG_WARN_INT_CONVERSION = YES;
				CLANG_WARN_NON_LITERAL_NULL_CONVERSION = YES;
				CLANG_WARN_OBJC_IMPLICIT_RETAIN_SELF = YES;
				CLANG_WARN_OBJC_LITERAL_CONVERSION = YES;
				CLANG_WARN_OBJC_ROOT_CLASS = YES_ERROR;
				CLANG_WARN_QUOTED_INCLUDE_IN_FRAMEWORK_HEADER = YES;
				CLANG_WARN_RANGE_LOOP_ANALYSIS = YES;
				CLANG_WARN_STRICT_PROTOTYPES = YES;
				CLANG_WARN_SUSPICIOUS_MOVE = YES;
				CLANG_WARN_UNGUARDED_AVAILABILITY = YES_AGGRESSIVE;
				CLANG_WARN_UNREACHABLE_CODE = YES;
				CLANG_WARN__DUPLICATE_METHOD_MATCH = YES;
				COPY_PHASE_STRIP = NO;
				DEBUG_INFORMATION_FORMAT = dwarf;
				ENABLE_STRICT_OBJC_MSGSEND = YES;
				ENABLE_TESTABILITY = YES;
				ENABLE_USER_SCRIPT_SANDBOXING = YES;
				GCC_C_LANGUAGE_STANDARD = gnu17;
				GCC_DYNAMIC_NO_PIC = NO;
				GCC_NO_COMMON_BLOCKS = YES;
				GCC_OPTIMIZATION_LEVEL = 0;
				GCC_PREPROCESSOR_DEFINITIONS = (
					"DEBUG=1",
					"$(inherited)",
				);
				GCC_WARN_64_TO_32_BIT_CONVERSION = YES;
				GCC_WARN_ABOUT_RETURN_TYPE = YES_ERROR;
				GCC_WARN_UNDECLARED_SELECTOR = YES;
				GCC_WARN_UNINITIALIZED_AUTOS = YES_AGGRESSIVE;
				GCC_WARN_UNUSED_FUNCTION = YES;
				GCC_WARN_UNUSED_VARIABLE = YES;
				IPHONEOS_DEPLOYMENT_TARGET = 17.2;
				LOCALIZATION_PREFERS_STRING_CATALOGS = YES;
				MTL_ENABLE_DEBUG_INFO = INCLUDE_SOURCE;
				MTL_FAST_MATH = YES;
				ONLY_ACTIVE_ARCH = YES;
				SDKROOT = iphoneos;
				SWIFT_ACTIVE_COMPILATION_CONDITIONS = "DEBUG $(inherited)";
				SWIFT_OPTIMIZATION_LEVEL = "-Onone";
			};
			name = Debug;
		};
		EEC1D5622BE553ED00A2FE18 /* Release */ = {
			isa = XCBuildConfiguration;
			buildSettings = {
				ALWAYS_SEARCH_USER_PATHS = NO;
				ASSETCATALOG_COMPILER_GENERATE_SWIFT_ASSET_SYMBOL_EXTENSIONS = YES;
				CLANG_ANALYZER_NONNULL = YES;
				CLANG_ANALYZER_NUMBER_OBJECT_CONVERSION = YES_AGGRESSIVE;
				CLANG_CXX_LANGUAGE_STANDARD = "gnu++20";
				CLANG_ENABLE_MODULES = YES;
				CLANG_ENABLE_OBJC_ARC = YES;
				CLANG_ENABLE_OBJC_WEAK = YES;
				CLANG_WARN_BLOCK_CAPTURE_AUTORELEASING = YES;
				CLANG_WARN_BOOL_CONVERSION = YES;
				CLANG_WARN_COMMA = YES;
				CLANG_WARN_CONSTANT_CONVERSION = YES;
				CLANG_WARN_DEPRECATED_OBJC_IMPLEMENTATIONS = YES;
				CLANG_WARN_DIRECT_OBJC_ISA_USAGE = YES_ERROR;
				CLANG_WARN_DOCUMENTATION_COMMENTS = YES;
				CLANG_WARN_EMPTY_BODY = YES;
				CLANG_WARN_ENUM_CONVERSION = YES;
				CLANG_WARN_INFINITE_RECURSION = YES;
				CLANG_WARN_INT_CONVERSION = YES;
				CLANG_WARN_NON_LITERAL_NULL_CONVERSION = YES;
				CLANG_WARN_OBJC_IMPLICIT_RETAIN_SELF = YES;
				CLANG_WARN_OBJC_LITERAL_CONVERSION = YES;
				CLANG_WARN_OBJC_ROOT_CLASS = YES_ERROR;
				CLANG_WARN_QUOTED_INCLUDE_IN_FRAMEWORK_HEADER = YES;
				CLANG_WARN_RANGE_LOOP_ANALYSIS = YES;
				CLANG_WARN_STRICT_PROTOTYPES = YES;
				CLANG_WARN_SUSPICIOUS_MOVE = YES;
				CLANG_WARN_UNGUARDED_AVAILABILITY = YES_AGGRESSIVE;
				CLANG_WARN_UNREACHABLE_CODE = YES;
				CLANG_WARN__DUPLICATE_METHOD_MATCH = YES;
				COPY_PHASE_STRIP = NO;
				DEBUG_INFORMATION_FORMAT = "dwarf-with-dsym";
				ENABLE_NS_ASSERTIONS = NO;
				ENABLE_STRICT_OBJC_MSGSEND = YES;
				ENABLE_USER_SCRIPT_SANDBOXING = YES;
				GCC_C_LANGUAGE_STANDARD = gnu17;
				GCC_NO_COMMON_BLOCKS = YES;
				GCC_WARN_64_TO_32_BIT_CONVERSION = YES;
				GCC_WARN_ABOUT_RETURN_TYPE = YES_ERROR;
				GCC_WARN_UNDECLARED_SELECTOR = YES;
				GCC_WARN_UNINITIALIZED_AUTOS = YES_AGGRESSIVE;
				GCC_WARN_UNUSED_FUNCTION = YES;
				GCC_WARN_UNUSED_VARIABLE = YES;
				IPHONEOS_DEPLOYMENT_TARGET = 17.2;
				LOCALIZATION_PREFERS_STRING_CATALOGS = YES;
				MTL_ENABLE_DEBUG_INFO = NO;
				MTL_FAST_MATH = YES;
				SDKROOT = iphoneos;
				SWIFT_COMPILATION_MODE = wholemodule;
				VALIDATE_PRODUCT = YES;
			};
			name = Release;
		};
		EEC1D5642BE553ED00A2FE18 /* Debug */ = {
			isa = XCBuildConfiguration;
			buildSettings = {
				ASSETCATALOG_COMPILER_APPICON_NAME = AppIcon;
				ASSETCATALOG_COMPILER_GLOBAL_ACCENT_COLOR_NAME = AccentColor;
				CODE_SIGN_STYLE = Automatic;
				CURRENT_PROJECT_VERSION = 1;
				GENERATE_INFOPLIST_FILE = YES;
				INFOPLIST_FILE = "Dice Game/Info.plist";
				INFOPLIST_KEY_UIApplicationSupportsIndirectInputEvents = YES;
				INFOPLIST_KEY_UILaunchStoryboardName = LaunchScreen;
				INFOPLIST_KEY_UIMainStoryboardFile = Main;
				INFOPLIST_KEY_UISupportedInterfaceOrientations_iPad = "UIInterfaceOrientationPortrait UIInterfaceOrientationPortraitUpsideDown UIInterfaceOrientationLandscapeLeft UIInterfaceOrientationLandscapeRight";
				INFOPLIST_KEY_UISupportedInterfaceOrientations_iPhone = "UIInterfaceOrientationPortrait UIInterfaceOrientationLandscapeLeft UIInterfaceOrientationLandscapeRight";
				LD_RUNPATH_SEARCH_PATHS = (
					"$(inherited)",
					"@executable_path/Frameworks",
				);
				MARKETING_VERSION = 1.0;
				PRODUCT_BUNDLE_IDENTIFIER = "com.SchuylerWinn.Dice-Game";
				PRODUCT_NAME = "$(TARGET_NAME)";
				SWIFT_EMIT_LOC_STRINGS = YES;
				SWIFT_VERSION = 5.0;
				TARGETED_DEVICE_FAMILY = "1,2";
			};
			name = Debug;
		};
		EEC1D5652BE553ED00A2FE18 /* Release */ = {
			isa = XCBuildConfiguration;
			buildSettings = {
				ASSETCATALOG_COMPILER_APPICON_NAME = AppIcon;
				ASSETCATALOG_COMPILER_GLOBAL_ACCENT_COLOR_NAME = AccentColor;
				CODE_SIGN_STYLE = Automatic;
				CURRENT_PROJECT_VERSION = 1;
				GENERATE_INFOPLIST_FILE = YES;
				INFOPLIST_FILE = "Dice Game/Info.plist";
				INFOPLIST_KEY_UIApplicationSupportsIndirectInputEvents = YES;
				INFOPLIST_KEY_UILaunchStoryboardName = LaunchScreen;
				INFOPLIST_KEY_UIMainStoryboardFile = Main;
				INFOPLIST_KEY_UISupportedInterfaceOrientations_iPad = "UIInterfaceOrientationPortrait UIInterfaceOrientationPortraitUpsideDown UIInterfaceOrientationLandscapeLeft UIInterfaceOrientationLandscapeRight";
				INFOPLIST_KEY_UISupportedInterfaceOrientations_iPhone = "UIInterfaceOrientationPortrait UIInterfaceOrientationLandscapeLeft UIInterfaceOrientationLandscapeRight";
				LD_RUNPATH_SEARCH_PATHS = (
					"$(inherited)",
					"@executable_path/Frameworks",
				);
				MARKETING_VERSION = 1.0;
				PRODUCT_BUNDLE_IDENTIFIER = "com.SchuylerWinn.Dice-Game";
				PRODUCT_NAME = "$(TARGET_NAME)";
				SWIFT_EMIT_LOC_STRINGS = YES;
				SWIFT_VERSION = 5.0;
				TARGETED_DEVICE_FAMILY = "1,2";
			};
			name = Release;
		};
		EEC1D5672BE553ED00A2FE18 /* Debug */ = {
			isa = XCBuildConfiguration;
			buildSettings = {
				ALWAYS_EMBED_SWIFT_STANDARD_LIBRARIES = YES;
				BUNDLE_LOADER = "$(TEST_HOST)";
				CODE_SIGN_STYLE = Automatic;
				CURRENT_PROJECT_VERSION = 1;
				GENERATE_INFOPLIST_FILE = YES;
				IPHONEOS_DEPLOYMENT_TARGET = 17.2;
				MARKETING_VERSION = 1.0;
				PRODUCT_BUNDLE_IDENTIFIER = "com.SchuylerWinn.Dice-GameTests";
				PRODUCT_NAME = "$(TARGET_NAME)";
				SWIFT_EMIT_LOC_STRINGS = NO;
				SWIFT_VERSION = 5.0;
				TARGETED_DEVICE_FAMILY = "1,2";
				TEST_HOST = "$(BUILT_PRODUCTS_DIR)/Dice Game.app/$(BUNDLE_EXECUTABLE_FOLDER_PATH)/Dice Game";
			};
			name = Debug;
		};
		EEC1D5682BE553ED00A2FE18 /* Release */ = {
			isa = XCBuildConfiguration;
			buildSettings = {
				ALWAYS_EMBED_SWIFT_STANDARD_LIBRARIES = YES;
				BUNDLE_LOADER = "$(TEST_HOST)";
				CODE_SIGN_STYLE = Automatic;
				CURRENT_PROJECT_VERSION = 1;
				GENERATE_INFOPLIST_FILE = YES;
				IPHONEOS_DEPLOYMENT_TARGET = 17.2;
				MARKETING_VERSION = 1.0;
				PRODUCT_BUNDLE_IDENTIFIER = "com.SchuylerWinn.Dice-GameTests";
				PRODUCT_NAME = "$(TARGET_NAME)";
				SWIFT_EMIT_LOC_STRINGS = NO;
				SWIFT_VERSION = 5.0;
				TARGETED_DEVICE_FAMILY = "1,2";
				TEST_HOST = "$(BUILT_PRODUCTS_DIR)/Dice Game.app/$(BUNDLE_EXECUTABLE_FOLDER_PATH)/Dice Game";
			};
			name = Release;
		};
		EEC1D56A2BE553ED00A2FE18 /* Debug */ = {
			isa = XCBuildConfiguration;
			buildSettings = {
				ALWAYS_EMBED_SWIFT_STANDARD_LIBRARIES = YES;
				CODE_SIGN_STYLE = Automatic;
				CURRENT_PROJECT_VERSION = 1;
				GENERATE_INFOPLIST_FILE = YES;
				MARKETING_VERSION = 1.0;
				PRODUCT_BUNDLE_IDENTIFIER = "com.SchuylerWinn.Dice-GameUITests";
				PRODUCT_NAME = "$(TARGET_NAME)";
				SWIFT_EMIT_LOC_STRINGS = NO;
				SWIFT_VERSION = 5.0;
				TARGETED_DEVICE_FAMILY = "1,2";
				TEST_TARGET_NAME = "Dice Game";
			};
			name = Debug;
		};
		EEC1D56B2BE553ED00A2FE18 /* Release */ = {
			isa = XCBuildConfiguration;
			buildSettings = {
				ALWAYS_EMBED_SWIFT_STANDARD_LIBRARIES = YES;
				CODE_SIGN_STYLE = Automatic;
				CURRENT_PROJECT_VERSION = 1;
				GENERATE_INFOPLIST_FILE = YES;
				MARKETING_VERSION = 1.0;
				PRODUCT_BUNDLE_IDENTIFIER = "com.SchuylerWinn.Dice-GameUITests";
				PRODUCT_NAME = "$(TARGET_NAME)";
				SWIFT_EMIT_LOC_STRINGS = NO;
				SWIFT_VERSION = 5.0;
				TARGETED_DEVICE_FAMILY = "1,2";
				TEST_TARGET_NAME = "Dice Game";
			};
			name = Release;
		};
/* End XCBuildConfiguration section */

/* Begin XCConfigurationList section */
		EEC1D5312BE553EC00A2FE18 /* Build configuration list for PBXProject "Dice Game" */ = {
			isa = XCConfigurationList;
			buildConfigurations = (
				EEC1D5612BE553ED00A2FE18 /* Debug */,
				EEC1D5622BE553ED00A2FE18 /* Release */,
			);
			defaultConfigurationIsVisible = 0;
			defaultConfigurationName = Release;
		};
		EEC1D5632BE553ED00A2FE18 /* Build configuration list for PBXNativeTarget "Dice Game" */ = {
			isa = XCConfigurationList;
			buildConfigurations = (
				EEC1D5642BE553ED00A2FE18 /* Debug */,
				EEC1D5652BE553ED00A2FE18 /* Release */,
			);
			defaultConfigurationIsVisible = 0;
			defaultConfigurationName = Release;
		};
		EEC1D5662BE553ED00A2FE18 /* Build configuration list for PBXNativeTarget "Dice GameTests" */ = {
			isa = XCConfigurationList;
			buildConfigurations = (
				EEC1D5672BE553ED00A2FE18 /* Debug */,
				EEC1D5682BE553ED00A2FE18 /* Release */,
			);
			defaultConfigurationIsVisible = 0;
			defaultConfigurationName = Release;
		};
		EEC1D5692BE553ED00A2FE18 /* Build configuration list for PBXNativeTarget "Dice GameUITests" */ = {
			isa = XCConfigurationList;
			buildConfigurations = (
				EEC1D56A2BE553ED00A2FE18 /* Debug */,
				EEC1D56B2BE553ED00A2FE18 /* Release */,
			);
			defaultConfigurationIsVisible = 0;
			defaultConfigurationName = Release;
		};
/* End XCConfigurationList section */

/* Begin XCVersionGroup section */
		EEC1D5422BE553EC00A2FE18 /* Dice_Game.xcdatamodeld */ = {
			isa = XCVersionGroup;
			children = (
				EEC1D5432BE553EC00A2FE18 /* Dice_Game.xcdatamodel */,
			);
			currentVersion = EEC1D5432BE553EC00A2FE18 /* Dice_Game.xcdatamodel */;
			path = Dice_Game.xcdatamodeld;
			sourceTree = "<group>";
			versionGroupType = wrapper.xcdatamodel;
		};
/* End XCVersionGroup section */
	};
	rootObject = EEC1D52E2BE553EC00A2FE18 /* Project object */;
}
